
Microsoft Visual Studio Solution File, Format Version 12.00
# Visual Studio Version 17
VisualStudioVersion = 17.9.34701.34
MinimumVisualStudioVersion = 10.0.40219.1
Project("{FAE04EC0-301F-11D3-BF4B-00C04F79EFBC}") = "MyLibraryTest", "MyLibraryTest\MyLibraryTest.csproj", "{145E255A-52ED-4C75-A8BA-8E9DEB80628E}"
EndProject
Global
	GlobalSection(SolutionConfigurationPlatforms) = preSolution
		Debug|Any CPU = Debug|Any CPU
		Release|Any CPU = Release|Any CPU
	EndGlobalSection
	GlobalSection(ProjectConfigurationPlatforms) = postSolution
		{145E255A-52ED-4C75-A8BA-8E9DEB80628E}.Debug|Any CPU.ActiveCfg = Debug|Any CPU
		{145E255A-52ED-4C75-A8BA-8E9DEB80628E}.Debug|Any CPU.Build.0 = Debug|Any CPU
		{145E255A-52ED-4C75-A8BA-8E9DEB80628E}.Release|Any CPU.ActiveCfg = Release|Any CPU
		{145E255A-52ED-4C75-A8BA-8E9DEB80628E}.Release|Any CPU.Build.0 = Release|Any CPU
	EndGlobalSection
	GlobalSection(SolutionProperties) = preSolution
		HideSolutionNode = FALSE
	EndGlobalSection
	GlobalSection(ExtensibilityGlobals) = postSolution
		SolutionGuid = {C95B7A92-2B3A-4B76-B13F-48DCD1E0940F}
	EndGlobalSection
EndGlobal
