
Microsoft Visual Studio Solution File, Format Version 12.00
# Visual Studio Version 17
VisualStudioVersion = 17.9.34723.18
MinimumVisualStudioVersion = 10.0.40219.1
Project("{9A19103F-16F7-4668-BE54-9A1E7A4F7556}") = "Warehouse", "Warehouse\Warehouse.csproj", "{1CFFC208-F28C-4EFE-B08B-A51EDD842F9F}"
EndProject
Project("{9A19103F-16F7-4668-BE54-9A1E7A4F7556}") = "WarehouseDataLayer", "Warehouse_Data_layer\WarehouseDataLayer.csproj", "{793262F9-8BAF-48F1-8D63-AB8CC75BA743}"
EndProject
Project("{9A19103F-16F7-4668-BE54-9A1E7A4F7556}") = "WarehouseLogic", "Warehouse_Logic_layer\WarehouseLogic.csproj", "{0376A1BD-1476-4DC9-B6E3-9BCA714E6094}"
EndProject
Project("{9A19103F-16F7-4668-BE54-9A1E7A4F7556}") = "WarehouseLogicTests", "WarehouseLogicTests\WarehouseLogicTests.csproj", "{D7D22F10-A7EB-4317-938D-A2AAF2757B31}"
EndProject
Project("{9A19103F-16F7-4668-BE54-9A1E7A4F7556}") = "WarehouseDataTests", "WarehouseDataTests\WarehouseDataTests.csproj", "{3A2CF076-5F34-4B32-B103-51AB5BCD6F51}"
EndProject
Project("{FAE04EC0-301F-11D3-BF4B-00C04F79EFBC}") = "WarehousePresentationLayer", "WarehousePresentationLayer\WarehousePresentationLayer.csproj", "{E47ECCE7-3685-4932-B8F4-BB0D0BFC79DE}"
EndProject
Global
	GlobalSection(SolutionConfigurationPlatforms) = preSolution
		Debug|Any CPU = Debug|Any CPU
		Release|Any CPU = Release|Any CPU
	EndGlobalSection
	GlobalSection(ProjectConfigurationPlatforms) = postSolution
		{1CFFC208-F28C-4EFE-B08B-A51EDD842F9F}.Debug|Any CPU.ActiveCfg = Debug|Any CPU
		{1CFFC208-F28C-4EFE-B08B-A51EDD842F9F}.Debug|Any CPU.Build.0 = Debug|Any CPU
		{1CFFC208-F28C-4EFE-B08B-A51EDD842F9F}.Release|Any CPU.ActiveCfg = Release|Any CPU
		{1CFFC208-F28C-4EFE-B08B-A51EDD842F9F}.Release|Any CPU.Build.0 = Release|Any CPU
		{793262F9-8BAF-48F1-8D63-AB8CC75BA743}.Debug|Any CPU.ActiveCfg = Debug|Any CPU
		{793262F9-8BAF-48F1-8D63-AB8CC75BA743}.Debug|Any CPU.Build.0 = Debug|Any CPU
		{793262F9-8BAF-48F1-8D63-AB8CC75BA743}.Release|Any CPU.ActiveCfg = Release|Any CPU
		{793262F9-8BAF-48F1-8D63-AB8CC75BA743}.Release|Any CPU.Build.0 = Release|Any CPU
		{0376A1BD-1476-4DC9-B6E3-9BCA714E6094}.Debug|Any CPU.ActiveCfg = Debug|Any CPU
		{0376A1BD-1476-4DC9-B6E3-9BCA714E6094}.Debug|Any CPU.Build.0 = Debug|Any CPU
		{0376A1BD-1476-4DC9-B6E3-9BCA714E6094}.Release|Any CPU.ActiveCfg = Release|Any CPU
		{0376A1BD-1476-4DC9-B6E3-9BCA714E6094}.Release|Any CPU.Build.0 = Release|Any CPU
		{D7D22F10-A7EB-4317-938D-A2AAF2757B31}.Debug|Any CPU.ActiveCfg = Debug|Any CPU
		{D7D22F10-A7EB-4317-938D-A2AAF2757B31}.Debug|Any CPU.Build.0 = Debug|Any CPU
		{D7D22F10-A7EB-4317-938D-A2AAF2757B31}.Release|Any CPU.ActiveCfg = Release|Any CPU
		{D7D22F10-A7EB-4317-938D-A2AAF2757B31}.Release|Any CPU.Build.0 = Release|Any CPU
		{3A2CF076-5F34-4B32-B103-51AB5BCD6F51}.Debug|Any CPU.ActiveCfg = Debug|Any CPU
		{3A2CF076-5F34-4B32-B103-51AB5BCD6F51}.Debug|Any CPU.Build.0 = Debug|Any CPU
		{3A2CF076-5F34-4B32-B103-51AB5BCD6F51}.Release|Any CPU.ActiveCfg = Release|Any CPU
		{3A2CF076-5F34-4B32-B103-51AB5BCD6F51}.Release|Any CPU.Build.0 = Release|Any CPU
		{E47ECCE7-3685-4932-B8F4-BB0D0BFC79DE}.Debug|Any CPU.ActiveCfg = Debug|Any CPU
		{E47ECCE7-3685-4932-B8F4-BB0D0BFC79DE}.Debug|Any CPU.Build.0 = Debug|Any CPU
		{E47ECCE7-3685-4932-B8F4-BB0D0BFC79DE}.Release|Any CPU.ActiveCfg = Release|Any CPU
		{E47ECCE7-3685-4932-B8F4-BB0D0BFC79DE}.Release|Any CPU.Build.0 = Release|Any CPU
	EndGlobalSection
	GlobalSection(SolutionProperties) = preSolution
		HideSolutionNode = FALSE
	EndGlobalSection
	GlobalSection(ExtensibilityGlobals) = postSolution
		SolutionGuid = {E046255B-68A6-498D-820F-23E2BE24CF53}
	EndGlobalSection
EndGlobal
