
Microsoft Visual Studio Solution File, Format Version 12.00
# Visual Studio Version 17
VisualStudioVersion = 17.9.34701.34
MinimumVisualStudioVersion = 10.0.40219.1
Project("{FAE04EC0-301F-11D3-BF4B-00C04F79EFBC}") = "WarehouseManagement.Tests", "WarehouseManagement.Tests\WarehouseManagement.Tests.csproj", "{F3C02559-4E3C-4241-B12A-47BB87F991A1}"
EndProject
Global
	GlobalSection(SolutionConfigurationPlatforms) = preSolution
		Debug|Any CPU = Debug|Any CPU
		Release|Any CPU = Release|Any CPU
	EndGlobalSection
	GlobalSection(ProjectConfigurationPlatforms) = postSolution
		{F3C02559-4E3C-4241-B12A-47BB87F991A1}.Debug|Any CPU.ActiveCfg = Debug|Any CPU
		{F3C02559-4E3C-4241-B12A-47BB87F991A1}.Debug|Any CPU.Build.0 = Debug|Any CPU
		{F3C02559-4E3C-4241-B12A-47BB87F991A1}.Release|Any CPU.ActiveCfg = Release|Any CPU
		{F3C02559-4E3C-4241-B12A-47BB87F991A1}.Release|Any CPU.Build.0 = Release|Any CPU
	EndGlobalSection
	GlobalSection(SolutionProperties) = preSolution
		HideSolutionNode = FALSE
	EndGlobalSection
	GlobalSection(ExtensibilityGlobals) = postSolution
		SolutionGuid = {58E54AE9-DD8E-404A-B290-F84B9E38EC64}
	EndGlobalSection
EndGlobal
